
Microsoft Visual Studio Solution File, Format Version 10.00
# Visual Studio 2008
Project("{8BC9CEB8-8B4A-11D0-8D11-00A0C91BC942}") = "iLock5", "c00p2013.vcproj", "{DFCD1181-A1AA-4CA0-9BC6-5D76F519D873}"
EndProject
Project("{8BC9CEB8-8B4A-11D0-8D11-00A0C91BC942}") = "iTimedReboot2", "iTimedReboot2\iTimedReboot2.vcproj", "{2CF72715-E18B-4975-93AC-ADDC811E4232}"
EndProject
Project("{8BC9CEB8-8B4A-11D0-8D11-00A0C91BC942}") = "KeyToggleBoot2", "KeyToggleBoot2\KeyToggleBoot2.vcproj", "{F36667DF-DE42-4C1D-A356-5E0649C1AB9E}"
EndProject
Project("{8BC9CEB8-8B4A-11D0-8D11-00A0C91BC942}") = "RebootDialog2", "RebootDialog2\RebootDialog2.vcproj", "{0AABDCFA-AD92-4491-BF7F-EE131D178599}"
EndProject
Project("{8BC9CEB8-8B4A-11D0-8D11-00A0C91BC942}") = "stopilock", "stopilock\stopilock.vcproj", "{3D32E765-FE62-4414-81D8-72B63DDE4667}"
EndProject
Project("{8BC9CEB8-8B4A-11D0-8D11-00A0C91BC942}") = "iLock5", "iLock5\iLock5.vcproj", "{B27158E3-A726-4E44-8DD5-5C9F737ED40B}"
EndProject
Global
	GlobalSection(SubversionScc) = preSolution
		Svn-Managed = True
		Manager = AnkhSVN - Subversion Support for Visual Studio
	EndGlobalSection
	GlobalSection(SolutionConfigurationPlatforms) = preSolution
		Debug|iCE-Premium (ARMV4I) = Debug|iCE-Premium (ARMV4I)
		Debug|Mixed Platforms = Debug|Mixed Platforms
		Debug|Pocket PC 2003 (ARMV4) = Debug|Pocket PC 2003 (ARMV4)
		Debug|Smartphone 2003 (ARMV4) = Debug|Smartphone 2003 (ARMV4)
		Debug|STANDARDSDK_420 (ARMV4I) = Debug|STANDARDSDK_420 (ARMV4I)
		Debug|STANDARDSDK_500 (ARMV4I) = Debug|STANDARDSDK_500 (ARMV4I)
		Debug|Windows Mobile 5.0 Pocket PC SDK (ARMV4I) = Debug|Windows Mobile 5.0 Pocket PC SDK (ARMV4I)
		Debug|Windows Mobile 5.0 Smartphone SDK (ARMV4I) = Debug|Windows Mobile 5.0 Smartphone SDK (ARMV4I)
		Debug|Windows Mobile 6 Professional SDK (ARMV4I) = Debug|Windows Mobile 6 Professional SDK (ARMV4I)
		Debug|Windows Mobile 6 Standard SDK (ARMV4I) = Debug|Windows Mobile 6 Standard SDK (ARMV4I)
		Debug|Windows Mobile 6.5.3 Professional DTK (ARMV4I) = Debug|Windows Mobile 6.5.3 Professional DTK (ARMV4I)
		Release|iCE-Premium (ARMV4I) = Release|iCE-Premium (ARMV4I)
		Release|Mixed Platforms = Release|Mixed Platforms
		Release|Pocket PC 2003 (ARMV4) = Release|Pocket PC 2003 (ARMV4)
		Release|Smartphone 2003 (ARMV4) = Release|Smartphone 2003 (ARMV4)
		Release|STANDARDSDK_420 (ARMV4I) = Release|STANDARDSDK_420 (ARMV4I)
		Release|STANDARDSDK_500 (ARMV4I) = Release|STANDARDSDK_500 (ARMV4I)
		Release|Windows Mobile 5.0 Pocket PC SDK (ARMV4I) = Release|Windows Mobile 5.0 Pocket PC SDK (ARMV4I)
		Release|Windows Mobile 5.0 Smartphone SDK (ARMV4I) = Release|Windows Mobile 5.0 Smartphone SDK (ARMV4I)
		Release|Windows Mobile 6 Professional SDK (ARMV4I) = Release|Windows Mobile 6 Professional SDK (ARMV4I)
		Release|Windows Mobile 6 Standard SDK (ARMV4I) = Release|Windows Mobile 6 Standard SDK (ARMV4I)
		Release|Windows Mobile 6.5.3 Professional DTK (ARMV4I) = Release|Windows Mobile 6.5.3 Professional DTK (ARMV4I)
	EndGlobalSection
	GlobalSection(ProjectConfigurationPlatforms) = postSolution
		{DFCD1181-A1AA-4CA0-9BC6-5D76F519D873}.Debug|iCE-Premium (ARMV4I).ActiveCfg = Debug|Windows Mobile 6 Professional SDK (ARMV4I)
		{DFCD1181-A1AA-4CA0-9BC6-5D76F519D873}.Debug|Mixed Platforms.ActiveCfg = Debug|Windows Mobile 6 Professional SDK (ARMV4I)
		{DFCD1181-A1AA-4CA0-9BC6-5D76F519D873}.Debug|Mixed Platforms.Build.0 = Debug|Windows Mobile 6 Professional SDK (ARMV4I)
		{DFCD1181-A1AA-4CA0-9BC6-5D76F519D873}.Debug|Mixed Platforms.Deploy.0 = Debug|Windows Mobile 6 Professional SDK (ARMV4I)
		{DFCD1181-A1AA-4CA0-9BC6-5D76F519D873}.Debug|Pocket PC 2003 (ARMV4).ActiveCfg = Debug|Windows Mobile 6 Professional SDK (ARMV4I)
		{DFCD1181-A1AA-4CA0-9BC6-5D76F519D873}.Debug|Smartphone 2003 (ARMV4).ActiveCfg = Debug|Windows Mobile 6 Professional SDK (ARMV4I)
		{DFCD1181-A1AA-4CA0-9BC6-5D76F519D873}.Debug|STANDARDSDK_420 (ARMV4I).ActiveCfg = Debug|Windows Mobile 6 Professional SDK (ARMV4I)
		{DFCD1181-A1AA-4CA0-9BC6-5D76F519D873}.Debug|STANDARDSDK_500 (ARMV4I).ActiveCfg = Debug|Windows Mobile 6 Professional SDK (ARMV4I)
		{DFCD1181-A1AA-4CA0-9BC6-5D76F519D873}.Debug|Windows Mobile 5.0 Pocket PC SDK (ARMV4I).ActiveCfg = Debug|Windows Mobile 6 Professional SDK (ARMV4I)
		{DFCD1181-A1AA-4CA0-9BC6-5D76F519D873}.Debug|Windows Mobile 5.0 Smartphone SDK (ARMV4I).ActiveCfg = Debug|Windows Mobile 6 Professional SDK (ARMV4I)
		{DFCD1181-A1AA-4CA0-9BC6-5D76F519D873}.Debug|Windows Mobile 6 Professional SDK (ARMV4I).ActiveCfg = Debug|Windows Mobile 6 Professional SDK (ARMV4I)
		{DFCD1181-A1AA-4CA0-9BC6-5D76F519D873}.Debug|Windows Mobile 6 Professional SDK (ARMV4I).Build.0 = Debug|Windows Mobile 6 Professional SDK (ARMV4I)
		{DFCD1181-A1AA-4CA0-9BC6-5D76F519D873}.Debug|Windows Mobile 6 Professional SDK (ARMV4I).Deploy.0 = Debug|Windows Mobile 6 Professional SDK (ARMV4I)
		{DFCD1181-A1AA-4CA0-9BC6-5D76F519D873}.Debug|Windows Mobile 6 Standard SDK (ARMV4I).ActiveCfg = Debug|Windows Mobile 6 Professional SDK (ARMV4I)
		{DFCD1181-A1AA-4CA0-9BC6-5D76F519D873}.Debug|Windows Mobile 6.5.3 Professional DTK (ARMV4I).ActiveCfg = Debug|Windows Mobile 6 Professional SDK (ARMV4I)
		{DFCD1181-A1AA-4CA0-9BC6-5D76F519D873}.Release|iCE-Premium (ARMV4I).ActiveCfg = Release|Windows Mobile 6 Professional SDK (ARMV4I)
		{DFCD1181-A1AA-4CA0-9BC6-5D76F519D873}.Release|Mixed Platforms.ActiveCfg = Release|Windows Mobile 6 Professional SDK (ARMV4I)
		{DFCD1181-A1AA-4CA0-9BC6-5D76F519D873}.Release|Mixed Platforms.Build.0 = Release|Windows Mobile 6 Professional SDK (ARMV4I)
		{DFCD1181-A1AA-4CA0-9BC6-5D76F519D873}.Release|Mixed Platforms.Deploy.0 = Release|Windows Mobile 6 Professional SDK (ARMV4I)
		{DFCD1181-A1AA-4CA0-9BC6-5D76F519D873}.Release|Pocket PC 2003 (ARMV4).ActiveCfg = Release|Windows Mobile 6 Professional SDK (ARMV4I)
		{DFCD1181-A1AA-4CA0-9BC6-5D76F519D873}.Release|Smartphone 2003 (ARMV4).ActiveCfg = Release|Windows Mobile 6 Professional SDK (ARMV4I)
		{DFCD1181-A1AA-4CA0-9BC6-5D76F519D873}.Release|STANDARDSDK_420 (ARMV4I).ActiveCfg = Release|Windows Mobile 6 Professional SDK (ARMV4I)
		{DFCD1181-A1AA-4CA0-9BC6-5D76F519D873}.Release|STANDARDSDK_500 (ARMV4I).ActiveCfg = Release|Windows Mobile 6 Professional SDK (ARMV4I)
		{DFCD1181-A1AA-4CA0-9BC6-5D76F519D873}.Release|Windows Mobile 5.0 Pocket PC SDK (ARMV4I).ActiveCfg = Release|Windows Mobile 6 Professional SDK (ARMV4I)
		{DFCD1181-A1AA-4CA0-9BC6-5D76F519D873}.Release|Windows Mobile 5.0 Smartphone SDK (ARMV4I).ActiveCfg = Release|Windows Mobile 6 Professional SDK (ARMV4I)
		{DFCD1181-A1AA-4CA0-9BC6-5D76F519D873}.Release|Windows Mobile 6 Professional SDK (ARMV4I).ActiveCfg = Release|Windows Mobile 6 Professional SDK (ARMV4I)
		{DFCD1181-A1AA-4CA0-9BC6-5D76F519D873}.Release|Windows Mobile 6 Professional SDK (ARMV4I).Build.0 = Release|Windows Mobile 6 Professional SDK (ARMV4I)
		{DFCD1181-A1AA-4CA0-9BC6-5D76F519D873}.Release|Windows Mobile 6 Professional SDK (ARMV4I).Deploy.0 = Release|Windows Mobile 6 Professional SDK (ARMV4I)
		{DFCD1181-A1AA-4CA0-9BC6-5D76F519D873}.Release|Windows Mobile 6 Standard SDK (ARMV4I).ActiveCfg = Release|Windows Mobile 6 Professional SDK (ARMV4I)
		{DFCD1181-A1AA-4CA0-9BC6-5D76F519D873}.Release|Windows Mobile 6.5.3 Professional DTK (ARMV4I).ActiveCfg = Release|Windows Mobile 6 Professional SDK (ARMV4I)
		{2CF72715-E18B-4975-93AC-ADDC811E4232}.Debug|iCE-Premium (ARMV4I).ActiveCfg = Debug|iCE-Premium (ARMV4I)
		{2CF72715-E18B-4975-93AC-ADDC811E4232}.Debug|iCE-Premium (ARMV4I).Build.0 = Debug|iCE-Premium (ARMV4I)
		{2CF72715-E18B-4975-93AC-ADDC811E4232}.Debug|iCE-Premium (ARMV4I).Deploy.0 = Debug|iCE-Premium (ARMV4I)
		{2CF72715-E18B-4975-93AC-ADDC811E4232}.Debug|Mixed Platforms.ActiveCfg = Debug|Windows Mobile 5.0 Smartphone SDK (ARMV4I)
		{2CF72715-E18B-4975-93AC-ADDC811E4232}.Debug|Mixed Platforms.Build.0 = Debug|Windows Mobile 5.0 Smartphone SDK (ARMV4I)
		{2CF72715-E18B-4975-93AC-ADDC811E4232}.Debug|Mixed Platforms.Deploy.0 = Debug|Windows Mobile 5.0 Smartphone SDK (ARMV4I)
		{2CF72715-E18B-4975-93AC-ADDC811E4232}.Debug|Pocket PC 2003 (ARMV4).ActiveCfg = Debug|Pocket PC 2003 (ARMV4)
		{2CF72715-E18B-4975-93AC-ADDC811E4232}.Debug|Pocket PC 2003 (ARMV4).Build.0 = Debug|Pocket PC 2003 (ARMV4)
		{2CF72715-E18B-4975-93AC-ADDC811E4232}.Debug|Pocket PC 2003 (ARMV4).Deploy.0 = Debug|Pocket PC 2003 (ARMV4)
		{2CF72715-E18B-4975-93AC-ADDC811E4232}.Debug|Smartphone 2003 (ARMV4).ActiveCfg = Debug|Smartphone 2003 (ARMV4)
		{2CF72715-E18B-4975-93AC-ADDC811E4232}.Debug|Smartphone 2003 (ARMV4).Build.0 = Debug|Smartphone 2003 (ARMV4)
		{2CF72715-E18B-4975-93AC-ADDC811E4232}.Debug|Smartphone 2003 (ARMV4).Deploy.0 = Debug|Smartphone 2003 (ARMV4)
		{2CF72715-E18B-4975-93AC-ADDC811E4232}.Debug|STANDARDSDK_420 (ARMV4I).ActiveCfg = Debug|STANDARDSDK_420 (ARMV4I)
		{2CF72715-E18B-4975-93AC-ADDC811E4232}.Debug|STANDARDSDK_420 (ARMV4I).Build.0 = Debug|STANDARDSDK_420 (ARMV4I)
		{2CF72715-E18B-4975-93AC-ADDC811E4232}.Debug|STANDARDSDK_420 (ARMV4I).Deploy.0 = Debug|STANDARDSDK_420 (ARMV4I)
		{2CF72715-E18B-4975-93AC-ADDC811E4232}.Debug|STANDARDSDK_500 (ARMV4I).ActiveCfg = Debug|STANDARDSDK_500 (ARMV4I)
		{2CF72715-E18B-4975-93AC-ADDC811E4232}.Debug|STANDARDSDK_500 (ARMV4I).Build.0 = Debug|STANDARDSDK_500 (ARMV4I)
		{2CF72715-E18B-4975-93AC-ADDC811E4232}.Debug|STANDARDSDK_500 (ARMV4I).Deploy.0 = Debug|STANDARDSDK_500 (ARMV4I)
		{2CF72715-E18B-4975-93AC-ADDC811E4232}.Debug|Windows Mobile 5.0 Pocket PC SDK (ARMV4I).ActiveCfg = Debug|Windows Mobile 5.0 Pocket PC SDK (ARMV4I)
		{2CF72715-E18B-4975-93AC-ADDC811E4232}.Debug|Windows Mobile 5.0 Pocket PC SDK (ARMV4I).Build.0 = Debug|Windows Mobile 5.0 Pocket PC SDK (ARMV4I)
		{2CF72715-E18B-4975-93AC-ADDC811E4232}.Debug|Windows Mobile 5.0 Pocket PC SDK (ARMV4I).Deploy.0 = Debug|Windows Mobile 5.0 Pocket PC SDK (ARMV4I)
		{2CF72715-E18B-4975-93AC-ADDC811E4232}.Debug|Windows Mobile 5.0 Smartphone SDK (ARMV4I).ActiveCfg = Debug|Windows Mobile 5.0 Smartphone SDK (ARMV4I)
		{2CF72715-E18B-4975-93AC-ADDC811E4232}.Debug|Windows Mobile 5.0 Smartphone SDK (ARMV4I).Build.0 = Debug|Windows Mobile 5.0 Smartphone SDK (ARMV4I)
		{2CF72715-E18B-4975-93AC-ADDC811E4232}.Debug|Windows Mobile 5.0 Smartphone SDK (ARMV4I).Deploy.0 = Debug|Windows Mobile 5.0 Smartphone SDK (ARMV4I)
		{2CF72715-E18B-4975-93AC-ADDC811E4232}.Debug|Windows Mobile 6 Professional SDK (ARMV4I).ActiveCfg = Debug|Windows Mobile 6 Professional SDK (ARMV4I)
		{2CF72715-E18B-4975-93AC-ADDC811E4232}.Debug|Windows Mobile 6 Professional SDK (ARMV4I).Build.0 = Debug|Windows Mobile 6 Professional SDK (ARMV4I)
		{2CF72715-E18B-4975-93AC-ADDC811E4232}.Debug|Windows Mobile 6 Professional SDK (ARMV4I).Deploy.0 = Debug|Windows Mobile 6 Professional SDK (ARMV4I)
		{2CF72715-E18B-4975-93AC-ADDC811E4232}.Debug|Windows Mobile 6 Standard SDK (ARMV4I).ActiveCfg = Debug|Windows Mobile 6 Standard SDK (ARMV4I)
		{2CF72715-E18B-4975-93AC-ADDC811E4232}.Debug|Windows Mobile 6 Standard SDK (ARMV4I).Build.0 = Debug|Windows Mobile 6 Standard SDK (ARMV4I)
		{2CF72715-E18B-4975-93AC-ADDC811E4232}.Debug|Windows Mobile 6 Standard SDK (ARMV4I).Deploy.0 = Debug|Windows Mobile 6 Standard SDK (ARMV4I)
		{2CF72715-E18B-4975-93AC-ADDC811E4232}.Debug|Windows Mobile 6.5.3 Professional DTK (ARMV4I).ActiveCfg = Debug|Windows Mobile 6.5.3 Professional DTK (ARMV4I)
		{2CF72715-E18B-4975-93AC-ADDC811E4232}.Debug|Windows Mobile 6.5.3 Professional DTK (ARMV4I).Build.0 = Debug|Windows Mobile 6.5.3 Professional DTK (ARMV4I)
		{2CF72715-E18B-4975-93AC-ADDC811E4232}.Debug|Windows Mobile 6.5.3 Professional DTK (ARMV4I).Deploy.0 = Debug|Windows Mobile 6.5.3 Professional DTK (ARMV4I)
		{2CF72715-E18B-4975-93AC-ADDC811E4232}.Release|iCE-Premium (ARMV4I).ActiveCfg = Release|iCE-Premium (ARMV4I)
		{2CF72715-E18B-4975-93AC-ADDC811E4232}.Release|iCE-Premium (ARMV4I).Build.0 = Release|iCE-Premium (ARMV4I)
		{2CF72715-E18B-4975-93AC-ADDC811E4232}.Release|iCE-Premium (ARMV4I).Deploy.0 = Release|iCE-Premium (ARMV4I)
		{2CF72715-E18B-4975-93AC-ADDC811E4232}.Release|Mixed Platforms.ActiveCfg = Release|Windows Mobile 5.0 Smartphone SDK (ARMV4I)
		{2CF72715-E18B-4975-93AC-ADDC811E4232}.Release|Mixed Platforms.Build.0 = Release|Windows Mobile 5.0 Smartphone SDK (ARMV4I)
		{2CF72715-E18B-4975-93AC-ADDC811E4232}.Release|Mixed Platforms.Deploy.0 = Release|Windows Mobile 5.0 Smartphone SDK (ARMV4I)
		{2CF72715-E18B-4975-93AC-ADDC811E4232}.Release|Pocket PC 2003 (ARMV4).ActiveCfg = Release|Pocket PC 2003 (ARMV4)
		{2CF72715-E18B-4975-93AC-ADDC811E4232}.Release|Pocket PC 2003 (ARMV4).Build.0 = Release|Pocket PC 2003 (ARMV4)
		{2CF72715-E18B-4975-93AC-ADDC811E4232}.Release|Pocket PC 2003 (ARMV4).Deploy.0 = Release|Pocket PC 2003 (ARMV4)
		{2CF72715-E18B-4975-93AC-ADDC811E4232}.Release|Smartphone 2003 (ARMV4).ActiveCfg = Release|Smartphone 2003 (ARMV4)
		{2CF72715-E18B-4975-93AC-ADDC811E4232}.Release|Smartphone 2003 (ARMV4).Build.0 = Release|Smartphone 2003 (ARMV4)
		{2CF72715-E18B-4975-93AC-ADDC811E4232}.Release|Smartphone 2003 (ARMV4).Deploy.0 = Release|Smartphone 2003 (ARMV4)
		{2CF72715-E18B-4975-93AC-ADDC811E4232}.Release|STANDARDSDK_420 (ARMV4I).ActiveCfg = Release|STANDARDSDK_420 (ARMV4I)
		{2CF72715-E18B-4975-93AC-ADDC811E4232}.Release|STANDARDSDK_420 (ARMV4I).Build.0 = Release|STANDARDSDK_420 (ARMV4I)
		{2CF72715-E18B-4975-93AC-ADDC811E4232}.Release|STANDARDSDK_420 (ARMV4I).Deploy.0 = Release|STANDARDSDK_420 (ARMV4I)
		{2CF72715-E18B-4975-93AC-ADDC811E4232}.Release|STANDARDSDK_500 (ARMV4I).ActiveCfg = Release|STANDARDSDK_500 (ARMV4I)
		{2CF72715-E18B-4975-93AC-ADDC811E4232}.Release|STANDARDSDK_500 (ARMV4I).Build.0 = Release|STANDARDSDK_500 (ARMV4I)
		{2CF72715-E18B-4975-93AC-ADDC811E4232}.Release|STANDARDSDK_500 (ARMV4I).Deploy.0 = Release|STANDARDSDK_500 (ARMV4I)
		{2CF72715-E18B-4975-93AC-ADDC811E4232}.Release|Windows Mobile 5.0 Pocket PC SDK (ARMV4I).ActiveCfg = Release|Windows Mobile 5.0 Pocket PC SDK (ARMV4I)
		{2CF72715-E18B-4975-93AC-ADDC811E4232}.Release|Windows Mobile 5.0 Pocket PC SDK (ARMV4I).Build.0 = Release|Windows Mobile 5.0 Pocket PC SDK (ARMV4I)
		{2CF72715-E18B-4975-93AC-ADDC811E4232}.Release|Windows Mobile 5.0 Pocket PC SDK (ARMV4I).Deploy.0 = Release|Windows Mobile 5.0 Pocket PC SDK (ARMV4I)
		{2CF72715-E18B-4975-93AC-ADDC811E4232}.Release|Windows Mobile 5.0 Smartphone SDK (ARMV4I).ActiveCfg = Release|Windows Mobile 5.0 Smartphone SDK (ARMV4I)
		{2CF72715-E18B-4975-93AC-ADDC811E4232}.Release|Windows Mobile 5.0 Smartphone SDK (ARMV4I).Build.0 = Release|Windows Mobile 5.0 Smartphone SDK (ARMV4I)
		{2CF72715-E18B-4975-93AC-ADDC811E4232}.Release|Windows Mobile 5.0 Smartphone SDK (ARMV4I).Deploy.0 = Release|Windows Mobile 5.0 Smartphone SDK (ARMV4I)
		{2CF72715-E18B-4975-93AC-ADDC811E4232}.Release|Windows Mobile 6 Professional SDK (ARMV4I).ActiveCfg = Release|Windows Mobile 6 Professional SDK (ARMV4I)
		{2CF72715-E18B-4975-93AC-ADDC811E4232}.Release|Windows Mobile 6 Professional SDK (ARMV4I).Build.0 = Release|Windows Mobile 6 Professional SDK (ARMV4I)
		{2CF72715-E18B-4975-93AC-ADDC811E4232}.Release|Windows Mobile 6 Professional SDK (ARMV4I).Deploy.0 = Release|Windows Mobile 6 Professional SDK (ARMV4I)
		{2CF72715-E18B-4975-93AC-ADDC811E4232}.Release|Windows Mobile 6 Standard SDK (ARMV4I).ActiveCfg = Release|Windows Mobile 6 Standard SDK (ARMV4I)
		{2CF72715-E18B-4975-93AC-ADDC811E4232}.Release|Windows Mobile 6 Standard SDK (ARMV4I).Build.0 = Release|Windows Mobile 6 Standard SDK (ARMV4I)
		{2CF72715-E18B-4975-93AC-ADDC811E4232}.Release|Windows Mobile 6 Standard SDK (ARMV4I).Deploy.0 = Release|Windows Mobile 6 Standard SDK (ARMV4I)
		{2CF72715-E18B-4975-93AC-ADDC811E4232}.Release|Windows Mobile 6.5.3 Professional DTK (ARMV4I).ActiveCfg = Release|Windows Mobile 6.5.3 Professional DTK (ARMV4I)
		{2CF72715-E18B-4975-93AC-ADDC811E4232}.Release|Windows Mobile 6.5.3 Professional DTK (ARMV4I).Build.0 = Release|Windows Mobile 6.5.3 Professional DTK (ARMV4I)
		{2CF72715-E18B-4975-93AC-ADDC811E4232}.Release|Windows Mobile 6.5.3 Professional DTK (ARMV4I).Deploy.0 = Release|Windows Mobile 6.5.3 Professional DTK (ARMV4I)
		{F36667DF-DE42-4C1D-A356-5E0649C1AB9E}.Debug|iCE-Premium (ARMV4I).ActiveCfg = Debug|Windows Mobile 6 Professional SDK (ARMV4I)
		{F36667DF-DE42-4C1D-A356-5E0649C1AB9E}.Debug|Mixed Platforms.ActiveCfg = Debug|Windows Mobile 6 Professional SDK (ARMV4I)
		{F36667DF-DE42-4C1D-A356-5E0649C1AB9E}.Debug|Mixed Platforms.Build.0 = Debug|Windows Mobile 6 Professional SDK (ARMV4I)
		{F36667DF-DE42-4C1D-A356-5E0649C1AB9E}.Debug|Mixed Platforms.Deploy.0 = Debug|Windows Mobile 6 Professional SDK (ARMV4I)
		{F36667DF-DE42-4C1D-A356-5E0649C1AB9E}.Debug|Pocket PC 2003 (ARMV4).ActiveCfg = Debug|Windows Mobile 6 Professional SDK (ARMV4I)
		{F36667DF-DE42-4C1D-A356-5E0649C1AB9E}.Debug|Smartphone 2003 (ARMV4).ActiveCfg = Debug|Windows Mobile 6 Professional SDK (ARMV4I)
		{F36667DF-DE42-4C1D-A356-5E0649C1AB9E}.Debug|STANDARDSDK_420 (ARMV4I).ActiveCfg = Debug|Windows Mobile 6 Professional SDK (ARMV4I)
		{F36667DF-DE42-4C1D-A356-5E0649C1AB9E}.Debug|STANDARDSDK_500 (ARMV4I).ActiveCfg = Debug|Windows Mobile 6 Professional SDK (ARMV4I)
		{F36667DF-DE42-4C1D-A356-5E0649C1AB9E}.Debug|Windows Mobile 5.0 Pocket PC SDK (ARMV4I).ActiveCfg = Debug|Windows Mobile 5.0 Pocket PC SDK (ARMV4I)
		{F36667DF-DE42-4C1D-A356-5E0649C1AB9E}.Debug|Windows Mobile 5.0 Pocket PC SDK (ARMV4I).Build.0 = Debug|Windows Mobile 5.0 Pocket PC SDK (ARMV4I)
		{F36667DF-DE42-4C1D-A356-5E0649C1AB9E}.Debug|Windows Mobile 5.0 Pocket PC SDK (ARMV4I).Deploy.0 = Debug|Windows Mobile 5.0 Pocket PC SDK (ARMV4I)
		{F36667DF-DE42-4C1D-A356-5E0649C1AB9E}.Debug|Windows Mobile 5.0 Smartphone SDK (ARMV4I).ActiveCfg = Debug|Windows Mobile 5.0 Pocket PC SDK (ARMV4I)
		{F36667DF-DE42-4C1D-A356-5E0649C1AB9E}.Debug|Windows Mobile 6 Professional SDK (ARMV4I).ActiveCfg = Debug|Windows Mobile 6 Professional SDK (ARMV4I)
		{F36667DF-DE42-4C1D-A356-5E0649C1AB9E}.Debug|Windows Mobile 6 Professional SDK (ARMV4I).Build.0 = Debug|Windows Mobile 6 Professional SDK (ARMV4I)
		{F36667DF-DE42-4C1D-A356-5E0649C1AB9E}.Debug|Windows Mobile 6 Professional SDK (ARMV4I).Deploy.0 = Debug|Windows Mobile 6 Professional SDK (ARMV4I)
		{F36667DF-DE42-4C1D-A356-5E0649C1AB9E}.Debug|Windows Mobile 6 Standard SDK (ARMV4I).ActiveCfg = Debug|Windows Mobile 6 Professional SDK (ARMV4I)
		{F36667DF-DE42-4C1D-A356-5E0649C1AB9E}.Debug|Windows Mobile 6.5.3 Professional DTK (ARMV4I).ActiveCfg = Debug|Windows Mobile 6 Professional SDK (ARMV4I)
		{F36667DF-DE42-4C1D-A356-5E0649C1AB9E}.Release|iCE-Premium (ARMV4I).ActiveCfg = Release|Windows Mobile 6 Professional SDK (ARMV4I)
		{F36667DF-DE42-4C1D-A356-5E0649C1AB9E}.Release|Mixed Platforms.ActiveCfg = Release|Windows Mobile 6 Professional SDK (ARMV4I)
		{F36667DF-DE42-4C1D-A356-5E0649C1AB9E}.Release|Mixed Platforms.Build.0 = Release|Windows Mobile 6 Professional SDK (ARMV4I)
		{F36667DF-DE42-4C1D-A356-5E0649C1AB9E}.Release|Mixed Platforms.Deploy.0 = Release|Windows Mobile 6 Professional SDK (ARMV4I)
		{F36667DF-DE42-4C1D-A356-5E0649C1AB9E}.Release|Pocket PC 2003 (ARMV4).ActiveCfg = Release|Windows Mobile 6 Professional SDK (ARMV4I)
		{F36667DF-DE42-4C1D-A356-5E0649C1AB9E}.Release|Smartphone 2003 (ARMV4).ActiveCfg = Release|Windows Mobile 6 Professional SDK (ARMV4I)
		{F36667DF-DE42-4C1D-A356-5E0649C1AB9E}.Release|STANDARDSDK_420 (ARMV4I).ActiveCfg = Release|Windows Mobile 6 Professional SDK (ARMV4I)
		{F36667DF-DE42-4C1D-A356-5E0649C1AB9E}.Release|STANDARDSDK_500 (ARMV4I).ActiveCfg = Release|Windows Mobile 6 Professional SDK (ARMV4I)
		{F36667DF-DE42-4C1D-A356-5E0649C1AB9E}.Release|Windows Mobile 5.0 Pocket PC SDK (ARMV4I).ActiveCfg = Release|Windows Mobile 5.0 Pocket PC SDK (ARMV4I)
		{F36667DF-DE42-4C1D-A356-5E0649C1AB9E}.Release|Windows Mobile 5.0 Pocket PC SDK (ARMV4I).Build.0 = Release|Windows Mobile 5.0 Pocket PC SDK (ARMV4I)
		{F36667DF-DE42-4C1D-A356-5E0649C1AB9E}.Release|Windows Mobile 5.0 Pocket PC SDK (ARMV4I).Deploy.0 = Release|Windows Mobile 5.0 Pocket PC SDK (ARMV4I)
		{F36667DF-DE42-4C1D-A356-5E0649C1AB9E}.Release|Windows Mobile 5.0 Smartphone SDK (ARMV4I).ActiveCfg = Release|Windows Mobile 5.0 Pocket PC SDK (ARMV4I)
		{F36667DF-DE42-4C1D-A356-5E0649C1AB9E}.Release|Windows Mobile 6 Professional SDK (ARMV4I).ActiveCfg = Release|Windows Mobile 6 Professional SDK (ARMV4I)
		{F36667DF-DE42-4C1D-A356-5E0649C1AB9E}.Release|Windows Mobile 6 Professional SDK (ARMV4I).Build.0 = Release|Windows Mobile 6 Professional SDK (ARMV4I)
		{F36667DF-DE42-4C1D-A356-5E0649C1AB9E}.Release|Windows Mobile 6 Professional SDK (ARMV4I).Deploy.0 = Release|Windows Mobile 6 Professional SDK (ARMV4I)
		{F36667DF-DE42-4C1D-A356-5E0649C1AB9E}.Release|Windows Mobile 6 Standard SDK (ARMV4I).ActiveCfg = Release|Windows Mobile 6 Professional SDK (ARMV4I)
		{F36667DF-DE42-4C1D-A356-5E0649C1AB9E}.Release|Windows Mobile 6.5.3 Professional DTK (ARMV4I).ActiveCfg = Release|Windows Mobile 6 Professional SDK (ARMV4I)
		{0AABDCFA-AD92-4491-BF7F-EE131D178599}.Debug|iCE-Premium (ARMV4I).ActiveCfg = Debug|Windows Mobile 6 Standard SDK (ARMV4I)
		{0AABDCFA-AD92-4491-BF7F-EE131D178599}.Debug|Mixed Platforms.ActiveCfg = Debug|Windows Mobile 6 Standard SDK (ARMV4I)
		{0AABDCFA-AD92-4491-BF7F-EE131D178599}.Debug|Mixed Platforms.Build.0 = Debug|Windows Mobile 6 Standard SDK (ARMV4I)
		{0AABDCFA-AD92-4491-BF7F-EE131D178599}.Debug|Mixed Platforms.Deploy.0 = Debug|Windows Mobile 6 Standard SDK (ARMV4I)
		{0AABDCFA-AD92-4491-BF7F-EE131D178599}.Debug|Pocket PC 2003 (ARMV4).ActiveCfg = Debug|Windows Mobile 6 Standard SDK (ARMV4I)
		{0AABDCFA-AD92-4491-BF7F-EE131D178599}.Debug|Smartphone 2003 (ARMV4).ActiveCfg = Debug|Windows Mobile 6 Standard SDK (ARMV4I)
		{0AABDCFA-AD92-4491-BF7F-EE131D178599}.Debug|STANDARDSDK_420 (ARMV4I).ActiveCfg = Debug|Windows Mobile 6 Standard SDK (ARMV4I)
		{0AABDCFA-AD92-4491-BF7F-EE131D178599}.Debug|STANDARDSDK_500 (ARMV4I).ActiveCfg = Debug|Windows Mobile 6 Standard SDK (ARMV4I)
		{0AABDCFA-AD92-4491-BF7F-EE131D178599}.Debug|Windows Mobile 5.0 Pocket PC SDK (ARMV4I).ActiveCfg = Debug|Windows Mobile 6 Standard SDK (ARMV4I)
		{0AABDCFA-AD92-4491-BF7F-EE131D178599}.Debug|Windows Mobile 5.0 Smartphone SDK (ARMV4I).ActiveCfg = Debug|Windows Mobile 6 Standard SDK (ARMV4I)
		{0AABDCFA-AD92-4491-BF7F-EE131D178599}.Debug|Windows Mobile 6 Professional SDK (ARMV4I).ActiveCfg = Debug|Windows Mobile 6 Professional SDK (ARMV4I)
		{0AABDCFA-AD92-4491-BF7F-EE131D178599}.Debug|Windows Mobile 6 Professional SDK (ARMV4I).Build.0 = Debug|Windows Mobile 6 Professional SDK (ARMV4I)
		{0AABDCFA-AD92-4491-BF7F-EE131D178599}.Debug|Windows Mobile 6 Professional SDK (ARMV4I).Deploy.0 = Debug|Windows Mobile 6 Professional SDK (ARMV4I)
		{0AABDCFA-AD92-4491-BF7F-EE131D178599}.Debug|Windows Mobile 6 Standard SDK (ARMV4I).ActiveCfg = Debug|Windows Mobile 6 Standard SDK (ARMV4I)
		{0AABDCFA-AD92-4491-BF7F-EE131D178599}.Debug|Windows Mobile 6 Standard SDK (ARMV4I).Build.0 = Debug|Windows Mobile 6 Standard SDK (ARMV4I)
		{0AABDCFA-AD92-4491-BF7F-EE131D178599}.Debug|Windows Mobile 6 Standard SDK (ARMV4I).Deploy.0 = Debug|Windows Mobile 6 Standard SDK (ARMV4I)
		{0AABDCFA-AD92-4491-BF7F-EE131D178599}.Debug|Windows Mobile 6.5.3 Professional DTK (ARMV4I).ActiveCfg = Debug|Windows Mobile 6 Standard SDK (ARMV4I)
		{0AABDCFA-AD92-4491-BF7F-EE131D178599}.Release|iCE-Premium (ARMV4I).ActiveCfg = Release|Windows Mobile 6 Standard SDK (ARMV4I)
		{0AABDCFA-AD92-4491-BF7F-EE131D178599}.Release|Mixed Platforms.ActiveCfg = Release|Windows Mobile 6 Standard SDK (ARMV4I)
		{0AABDCFA-AD92-4491-BF7F-EE131D178599}.Release|Mixed Platforms.Build.0 = Release|Windows Mobile 6 Standard SDK (ARMV4I)
		{0AABDCFA-AD92-4491-BF7F-EE131D178599}.Release|Mixed Platforms.Deploy.0 = Release|Windows Mobile 6 Standard SDK (ARMV4I)
		{0AABDCFA-AD92-4491-BF7F-EE131D178599}.Release|Pocket PC 2003 (ARMV4).ActiveCfg = Release|Windows Mobile 6 Standard SDK (ARMV4I)
		{0AABDCFA-AD92-4491-BF7F-EE131D178599}.Release|Smartphone 2003 (ARMV4).ActiveCfg = Release|Windows Mobile 6 Standard SDK (ARMV4I)
		{0AABDCFA-AD92-4491-BF7F-EE131D178599}.Release|STANDARDSDK_420 (ARMV4I).ActiveCfg = Release|Windows Mobile 6 Standard SDK (ARMV4I)
		{0AABDCFA-AD92-4491-BF7F-EE131D178599}.Release|STANDARDSDK_500 (ARMV4I).ActiveCfg = Release|Windows Mobile 6 Standard SDK (ARMV4I)
		{0AABDCFA-AD92-4491-BF7F-EE131D178599}.Release|Windows Mobile 5.0 Pocket PC SDK (ARMV4I).ActiveCfg = Release|Windows Mobile 6 Standard SDK (ARMV4I)
		{0AABDCFA-AD92-4491-BF7F-EE131D178599}.Release|Windows Mobile 5.0 Smartphone SDK (ARMV4I).ActiveCfg = Release|Windows Mobile 6 Standard SDK (ARMV4I)
		{0AABDCFA-AD92-4491-BF7F-EE131D178599}.Release|Windows Mobile 6 Professional SDK (ARMV4I).ActiveCfg = Release|Windows Mobile 6 Professional SDK (ARMV4I)
		{0AABDCFA-AD92-4491-BF7F-EE131D178599}.Release|Windows Mobile 6 Professional SDK (ARMV4I).Build.0 = Release|Windows Mobile 6 Professional SDK (ARMV4I)
		{0AABDCFA-AD92-4491-BF7F-EE131D178599}.Release|Windows Mobile 6 Professional SDK (ARMV4I).Deploy.0 = Release|Windows Mobile 6 Professional SDK (ARMV4I)
		{0AABDCFA-AD92-4491-BF7F-EE131D178599}.Release|Windows Mobile 6 Standard SDK (ARMV4I).ActiveCfg = Release|Windows Mobile 6 Standard SDK (ARMV4I)
		{0AABDCFA-AD92-4491-BF7F-EE131D178599}.Release|Windows Mobile 6 Standard SDK (ARMV4I).Build.0 = Release|Windows Mobile 6 Standard SDK (ARMV4I)
		{0AABDCFA-AD92-4491-BF7F-EE131D178599}.Release|Windows Mobile 6 Standard SDK (ARMV4I).Deploy.0 = Release|Windows Mobile 6 Standard SDK (ARMV4I)
		{0AABDCFA-AD92-4491-BF7F-EE131D178599}.Release|Windows Mobile 6.5.3 Professional DTK (ARMV4I).ActiveCfg = Release|Windows Mobile 6 Standard SDK (ARMV4I)
		{3D32E765-FE62-4414-81D8-72B63DDE4667}.Debug|iCE-Premium (ARMV4I).ActiveCfg = Debug|Windows Mobile 6.5.3 Professional DTK (ARMV4I)
		{3D32E765-FE62-4414-81D8-72B63DDE4667}.Debug|Mixed Platforms.ActiveCfg = Debug|Windows Mobile 6.5.3 Professional DTK (ARMV4I)
		{3D32E765-FE62-4414-81D8-72B63DDE4667}.Debug|Mixed Platforms.Build.0 = Debug|Windows Mobile 6.5.3 Professional DTK (ARMV4I)
		{3D32E765-FE62-4414-81D8-72B63DDE4667}.Debug|Mixed Platforms.Deploy.0 = Debug|Windows Mobile 6.5.3 Professional DTK (ARMV4I)
		{3D32E765-FE62-4414-81D8-72B63DDE4667}.Debug|Pocket PC 2003 (ARMV4).ActiveCfg = Debug|Windows Mobile 6.5.3 Professional DTK (ARMV4I)
		{3D32E765-FE62-4414-81D8-72B63DDE4667}.Debug|Smartphone 2003 (ARMV4).ActiveCfg = Debug|Windows Mobile 6.5.3 Professional DTK (ARMV4I)
		{3D32E765-FE62-4414-81D8-72B63DDE4667}.Debug|STANDARDSDK_420 (ARMV4I).ActiveCfg = Debug|Windows Mobile 6.5.3 Professional DTK (ARMV4I)
		{3D32E765-FE62-4414-81D8-72B63DDE4667}.Debug|STANDARDSDK_500 (ARMV4I).ActiveCfg = Debug|Windows Mobile 6.5.3 Professional DTK (ARMV4I)
		{3D32E765-FE62-4414-81D8-72B63DDE4667}.Debug|Windows Mobile 5.0 Pocket PC SDK (ARMV4I).ActiveCfg = Debug|Windows Mobile 6.5.3 Professional DTK (ARMV4I)
		{3D32E765-FE62-4414-81D8-72B63DDE4667}.Debug|Windows Mobile 5.0 Smartphone SDK (ARMV4I).ActiveCfg = Debug|Windows Mobile 6.5.3 Professional DTK (ARMV4I)
		{3D32E765-FE62-4414-81D8-72B63DDE4667}.Debug|Windows Mobile 6 Professional SDK (ARMV4I).ActiveCfg = Debug|Windows Mobile 6.5.3 Professional DTK (ARMV4I)
		{3D32E765-FE62-4414-81D8-72B63DDE4667}.Debug|Windows Mobile 6 Standard SDK (ARMV4I).ActiveCfg = Debug|Windows Mobile 6.5.3 Professional DTK (ARMV4I)
		{3D32E765-FE62-4414-81D8-72B63DDE4667}.Debug|Windows Mobile 6.5.3 Professional DTK (ARMV4I).ActiveCfg = Debug|Windows Mobile 6.5.3 Professional DTK (ARMV4I)
		{3D32E765-FE62-4414-81D8-72B63DDE4667}.Debug|Windows Mobile 6.5.3 Professional DTK (ARMV4I).Build.0 = Debug|Windows Mobile 6.5.3 Professional DTK (ARMV4I)
		{3D32E765-FE62-4414-81D8-72B63DDE4667}.Debug|Windows Mobile 6.5.3 Professional DTK (ARMV4I).Deploy.0 = Debug|Windows Mobile 6.5.3 Professional DTK (ARMV4I)
		{3D32E765-FE62-4414-81D8-72B63DDE4667}.Release|iCE-Premium (ARMV4I).ActiveCfg = Release|Windows Mobile 6.5.3 Professional DTK (ARMV4I)
		{3D32E765-FE62-4414-81D8-72B63DDE4667}.Release|Mixed Platforms.ActiveCfg = Release|Windows Mobile 6.5.3 Professional DTK (ARMV4I)
		{3D32E765-FE62-4414-81D8-72B63DDE4667}.Release|Mixed Platforms.Build.0 = Release|Windows Mobile 6.5.3 Professional DTK (ARMV4I)
		{3D32E765-FE62-4414-81D8-72B63DDE4667}.Release|Mixed Platforms.Deploy.0 = Release|Windows Mobile 6.5.3 Professional DTK (ARMV4I)
		{3D32E765-FE62-4414-81D8-72B63DDE4667}.Release|Pocket PC 2003 (ARMV4).ActiveCfg = Release|Windows Mobile 6.5.3 Professional DTK (ARMV4I)
		{3D32E765-FE62-4414-81D8-72B63DDE4667}.Release|Smartphone 2003 (ARMV4).ActiveCfg = Release|Windows Mobile 6.5.3 Professional DTK (ARMV4I)
		{3D32E765-FE62-4414-81D8-72B63DDE4667}.Release|STANDARDSDK_420 (ARMV4I).ActiveCfg = Release|Windows Mobile 6.5.3 Professional DTK (ARMV4I)
		{3D32E765-FE62-4414-81D8-72B63DDE4667}.Release|STANDARDSDK_500 (ARMV4I).ActiveCfg = Release|Windows Mobile 6.5.3 Professional DTK (ARMV4I)
		{3D32E765-FE62-4414-81D8-72B63DDE4667}.Release|Windows Mobile 5.0 Pocket PC SDK (ARMV4I).ActiveCfg = Release|Windows Mobile 6.5.3 Professional DTK (ARMV4I)
		{3D32E765-FE62-4414-81D8-72B63DDE4667}.Release|Windows Mobile 5.0 Smartphone SDK (ARMV4I).ActiveCfg = Release|Windows Mobile 6.5.3 Professional DTK (ARMV4I)
		{3D32E765-FE62-4414-81D8-72B63DDE4667}.Release|Windows Mobile 6 Professional SDK (ARMV4I).ActiveCfg = Release|Windows Mobile 6.5.3 Professional DTK (ARMV4I)
		{3D32E765-FE62-4414-81D8-72B63DDE4667}.Release|Windows Mobile 6 Standard SDK (ARMV4I).ActiveCfg = Release|Windows Mobile 6.5.3 Professional DTK (ARMV4I)
		{3D32E765-FE62-4414-81D8-72B63DDE4667}.Release|Windows Mobile 6.5.3 Professional DTK (ARMV4I).ActiveCfg = Release|Windows Mobile 6.5.3 Professional DTK (ARMV4I)
		{3D32E765-FE62-4414-81D8-72B63DDE4667}.Release|Windows Mobile 6.5.3 Professional DTK (ARMV4I).Build.0 = Release|Windows Mobile 6.5.3 Professional DTK (ARMV4I)
		{3D32E765-FE62-4414-81D8-72B63DDE4667}.Release|Windows Mobile 6.5.3 Professional DTK (ARMV4I).Deploy.0 = Release|Windows Mobile 6.5.3 Professional DTK (ARMV4I)
		{B27158E3-A726-4E44-8DD5-5C9F737ED40B}.Debug|iCE-Premium (ARMV4I).ActiveCfg = Debug|Windows Mobile 6 Professional SDK (ARMV4I)
		{B27158E3-A726-4E44-8DD5-5C9F737ED40B}.Debug|Mixed Platforms.ActiveCfg = Debug|Windows Mobile 6 Professional SDK (ARMV4I)
		{B27158E3-A726-4E44-8DD5-5C9F737ED40B}.Debug|Mixed Platforms.Build.0 = Debug|Windows Mobile 6 Professional SDK (ARMV4I)
		{B27158E3-A726-4E44-8DD5-5C9F737ED40B}.Debug|Mixed Platforms.Deploy.0 = Debug|Windows Mobile 6 Professional SDK (ARMV4I)
		{B27158E3-A726-4E44-8DD5-5C9F737ED40B}.Debug|Pocket PC 2003 (ARMV4).ActiveCfg = Debug|Windows Mobile 6 Professional SDK (ARMV4I)
		{B27158E3-A726-4E44-8DD5-5C9F737ED40B}.Debug|Smartphone 2003 (ARMV4).ActiveCfg = Debug|Windows Mobile 6 Professional SDK (ARMV4I)
		{B27158E3-A726-4E44-8DD5-5C9F737ED40B}.Debug|STANDARDSDK_420 (ARMV4I).ActiveCfg = Debug|Windows Mobile 6 Professional SDK (ARMV4I)
		{B27158E3-A726-4E44-8DD5-5C9F737ED40B}.Debug|STANDARDSDK_500 (ARMV4I).ActiveCfg = Debug|Windows Mobile 6 Professional SDK (ARMV4I)
		{B27158E3-A726-4E44-8DD5-5C9F737ED40B}.Debug|Windows Mobile 5.0 Pocket PC SDK (ARMV4I).ActiveCfg = Debug|Windows Mobile 6 Professional SDK (ARMV4I)
		{B27158E3-A726-4E44-8DD5-5C9F737ED40B}.Debug|Windows Mobile 5.0 Smartphone SDK (ARMV4I).ActiveCfg = Debug|Windows Mobile 6 Professional SDK (ARMV4I)
		{B27158E3-A726-4E44-8DD5-5C9F737ED40B}.Debug|Windows Mobile 6 Professional SDK (ARMV4I).ActiveCfg = Debug|Windows Mobile 6 Professional SDK (ARMV4I)
		{B27158E3-A726-4E44-8DD5-5C9F737ED40B}.Debug|Windows Mobile 6 Professional SDK (ARMV4I).Build.0 = Debug|Windows Mobile 6 Professional SDK (ARMV4I)
		{B27158E3-A726-4E44-8DD5-5C9F737ED40B}.Debug|Windows Mobile 6 Professional SDK (ARMV4I).Deploy.0 = Debug|Windows Mobile 6 Professional SDK (ARMV4I)
		{B27158E3-A726-4E44-8DD5-5C9F737ED40B}.Debug|Windows Mobile 6 Standard SDK (ARMV4I).ActiveCfg = Debug|Windows Mobile 6 Professional SDK (ARMV4I)
		{B27158E3-A726-4E44-8DD5-5C9F737ED40B}.Debug|Windows Mobile 6.5.3 Professional DTK (ARMV4I).ActiveCfg = Debug|Windows Mobile 6 Professional SDK (ARMV4I)
		{B27158E3-A726-4E44-8DD5-5C9F737ED40B}.Release|iCE-Premium (ARMV4I).ActiveCfg = Release|Windows Mobile 6 Professional SDK (ARMV4I)
		{B27158E3-A726-4E44-8DD5-5C9F737ED40B}.Release|Mixed Platforms.ActiveCfg = Release|Windows Mobile 6 Professional SDK (ARMV4I)
		{B27158E3-A726-4E44-8DD5-5C9F737ED40B}.Release|Mixed Platforms.Build.0 = Release|Windows Mobile 6 Professional SDK (ARMV4I)
		{B27158E3-A726-4E44-8DD5-5C9F737ED40B}.Release|Mixed Platforms.Deploy.0 = Release|Windows Mobile 6 Professional SDK (ARMV4I)
		{B27158E3-A726-4E44-8DD5-5C9F737ED40B}.Release|Pocket PC 2003 (ARMV4).ActiveCfg = Release|Windows Mobile 6 Professional SDK (ARMV4I)
		{B27158E3-A726-4E44-8DD5-5C9F737ED40B}.Release|Smartphone 2003 (ARMV4).ActiveCfg = Release|Windows Mobile 6 Professional SDK (ARMV4I)
		{B27158E3-A726-4E44-8DD5-5C9F737ED40B}.Release|STANDARDSDK_420 (ARMV4I).ActiveCfg = Release|Windows Mobile 6 Professional SDK (ARMV4I)
		{B27158E3-A726-4E44-8DD5-5C9F737ED40B}.Release|STANDARDSDK_500 (ARMV4I).ActiveCfg = Release|Windows Mobile 6 Professional SDK (ARMV4I)
		{B27158E3-A726-4E44-8DD5-5C9F737ED40B}.Release|Windows Mobile 5.0 Pocket PC SDK (ARMV4I).ActiveCfg = Release|Windows Mobile 6 Professional SDK (ARMV4I)
		{B27158E3-A726-4E44-8DD5-5C9F737ED40B}.Release|Windows Mobile 5.0 Smartphone SDK (ARMV4I).ActiveCfg = Release|Windows Mobile 6 Professional SDK (ARMV4I)
		{B27158E3-A726-4E44-8DD5-5C9F737ED40B}.Release|Windows Mobile 6 Professional SDK (ARMV4I).ActiveCfg = Release|Windows Mobile 6 Professional SDK (ARMV4I)
		{B27158E3-A726-4E44-8DD5-5C9F737ED40B}.Release|Windows Mobile 6 Professional SDK (ARMV4I).Build.0 = Release|Windows Mobile 6 Professional SDK (ARMV4I)
		{B27158E3-A726-4E44-8DD5-5C9F737ED40B}.Release|Windows Mobile 6 Professional SDK (ARMV4I).Deploy.0 = Release|Windows Mobile 6 Professional SDK (ARMV4I)
		{B27158E3-A726-4E44-8DD5-5C9F737ED40B}.Release|Windows Mobile 6 Standard SDK (ARMV4I).ActiveCfg = Release|Windows Mobile 6 Professional SDK (ARMV4I)
		{B27158E3-A726-4E44-8DD5-5C9F737ED40B}.Release|Windows Mobile 6.5.3 Professional DTK (ARMV4I).ActiveCfg = Release|Windows Mobile 6 Professional SDK (ARMV4I)
	EndGlobalSection
	GlobalSection(SolutionProperties) = preSolution
		HideSolutionNode = FALSE
	EndGlobalSection
EndGlobal
